
Microsoft Visual Studio Solution File, Format Version 12.00
# Visual Studio 2012
Project("{FAE04EC0-301F-11D3-BF4B-00C04F79EFBC}") = "Certifica_logistica", "Certifica_logistica\Certifica_logistica.csproj", "{2FC29A57-0F83-4F17-88E7-025FA30560F4}"
EndProject
Project("{FAE04EC0-301F-11D3-BF4B-00C04F79EFBC}") = "DaoLogistica", "DaoLogistica\DaoLogistica.csproj", "{7E7F7709-D898-4193-97BB-B2CEE7BF6C61}"
EndProject
Global
	GlobalSection(SolutionConfigurationPlatforms) = preSolution
		Debug|Any CPU = Debug|Any CPU
		Release|Any CPU = Release|Any CPU
	EndGlobalSection
	GlobalSection(ProjectConfigurationPlatforms) = postSolution
		{2FC29A57-0F83-4F17-88E7-025FA30560F4}.Debug|Any CPU.ActiveCfg = Debug|Any CPU
		{2FC29A57-0F83-4F17-88E7-025FA30560F4}.Debug|Any CPU.Build.0 = Debug|Any CPU
		{2FC29A57-0F83-4F17-88E7-025FA30560F4}.Release|Any CPU.ActiveCfg = Release|Any CPU
		{2FC29A57-0F83-4F17-88E7-025FA30560F4}.Release|Any CPU.Build.0 = Release|Any CPU
		{7E7F7709-D898-4193-97BB-B2CEE7BF6C61}.Debug|Any CPU.ActiveCfg = Debug|Any CPU
		{7E7F7709-D898-4193-97BB-B2CEE7BF6C61}.Debug|Any CPU.Build.0 = Debug|Any CPU
		{7E7F7709-D898-4193-97BB-B2CEE7BF6C61}.Release|Any CPU.ActiveCfg = Release|Any CPU
		{7E7F7709-D898-4193-97BB-B2CEE7BF6C61}.Release|Any CPU.Build.0 = Release|Any CPU
	EndGlobalSection
	GlobalSection(SolutionProperties) = preSolution
		HideSolutionNode = FALSE
	EndGlobalSection
EndGlobal
